
Microsoft Visual Studio Solution File, Format Version 12.00
# Visual Studio Version 16
VisualStudioVersion = 16.0.31410.357
MinimumVisualStudioVersion = 10.0.40219.1
Project("{FAE04EC0-301F-11D3-BF4B-00C04F79EFBC}") = "LeetCode", "LeetCode\LeetCode.csproj", "{8E93C4DD-7FB4-4F01-8D8D-2EAFD753149A}"
EndProject
Global
	GlobalSection(SolutionConfigurationPlatforms) = preSolution
		Debug|Any CPU = Debug|Any CPU
		Release|Any CPU = Release|Any CPU
	EndGlobalSection
	GlobalSection(ProjectConfigurationPlatforms) = postSolution
		{8E93C4DD-7FB4-4F01-8D8D-2EAFD753149A}.Debug|Any CPU.ActiveCfg = Debug|Any CPU
		{8E93C4DD-7FB4-4F01-8D8D-2EAFD753149A}.Debug|Any CPU.Build.0 = Debug|Any CPU
		{8E93C4DD-7FB4-4F01-8D8D-2EAFD753149A}.Release|Any CPU.ActiveCfg = Release|Any CPU
		{8E93C4DD-7FB4-4F01-8D8D-2EAFD753149A}.Release|Any CPU.Build.0 = Release|Any CPU
	EndGlobalSection
	GlobalSection(SolutionProperties) = preSolution
		HideSolutionNode = FALSE
	EndGlobalSection
	GlobalSection(ExtensibilityGlobals) = postSolution
		SolutionGuid = {9A965790-1E6B-4096-8C58-ACDB606F59DA}
	EndGlobalSection
EndGlobal
